// !$*UTF8*$!
{
	archiveVersion = 1;
	classes = {
	};
	objectVersion = 50;
	objects = {

/* Begin PBXBuildFile section */
		91065FB6214F3A3500BDF1F0 /* igstories1.1.gif in Resources */ = {isa = PBXBuildFile; fileRef = 91065FB5214F3A3500BDF1F0 /* igstories1.1.gif */; };
		914D2970214A3EA3006F3FEF /* InstagramStoriesProtocols.swift in Sources */ = {isa = PBXBuildFile; fileRef = 914D296F214A3EA3006F3FEF /* InstagramStoriesProtocols.swift */; };
		914DC06A21260019005F76DD /* StoryPlayerProgressTrackerView.swift in Sources */ = {isa = PBXBuildFile; fileRef = 914DC06921260019005F76DD /* StoryPlayerProgressTrackerView.swift */; };
		9153650C2116E0BF00442A99 /* AppDelegate.swift in Sources */ = {isa = PBXBuildFile; fileRef = 9153650B2116E0BF00442A99 /* AppDelegate.swift */; };
		9153650E2116E0BF00442A99 /* ViewController.swift in Sources */ = {isa = PBXBuildFile; fileRef = 9153650D2116E0BF00442A99 /* ViewController.swift */; };
		915365112116E0BF00442A99 /* Main.storyboard in Resources */ = {isa = PBXBuildFile; fileRef = 9153650F2116E0BF00442A99 /* Main.storyboard */; };
		915365132116E0BF00442A99 /* Assets.xcassets in Resources */ = {isa = PBXBuildFile; fileRef = 915365122116E0BF00442A99 /* Assets.xcassets */; };
		915365162116E0BF00442A99 /* LaunchScreen.storyboard in Resources */ = {isa = PBXBuildFile; fileRef = 915365142116E0BF00442A99 /* LaunchScreen.storyboard */; };
		916BE8C721225CDE00B26DBC /* StoryPlayerCell.swift in Sources */ = {isa = PBXBuildFile; fileRef = 916BE8C621225CDE00B26DBC /* StoryPlayerCell.swift */; };
		916BE8C9212398ED00B26DBC /* CubeCollectionView.swift in Sources */ = {isa = PBXBuildFile; fileRef = 916BE8C8212398ED00B26DBC /* CubeCollectionView.swift */; };
		91AAEDE8214F268700BBFD5C /* IMG_1706.mov in Resources */ = {isa = PBXBuildFile; fileRef = 91AAEDDE214F268700BBFD5C /* IMG_1706.mov */; };
		91AAEDE9214F268700BBFD5C /* IMG_1691.mov in Resources */ = {isa = PBXBuildFile; fileRef = 91AAEDDF214F268700BBFD5C /* IMG_1691.mov */; };
		91AAEDEA214F268700BBFD5C /* IMG_1707.mov in Resources */ = {isa = PBXBuildFile; fileRef = 91AAEDE0214F268700BBFD5C /* IMG_1707.mov */; };
		91AAEDEB214F268700BBFD5C /* IMG_0460.mov in Resources */ = {isa = PBXBuildFile; fileRef = 91AAEDE1214F268700BBFD5C /* IMG_0460.mov */; };
		91AAEDEC214F268700BBFD5C /* IMG_1569.mov in Resources */ = {isa = PBXBuildFile; fileRef = 91AAEDE2214F268700BBFD5C /* IMG_1569.mov */; };
		91AAEDED214F268700BBFD5C /* IMG_1636.mov in Resources */ = {isa = PBXBuildFile; fileRef = 91AAEDE3214F268700BBFD5C /* IMG_1636.mov */; };
		91AAEDEE214F268700BBFD5C /* IMG_0021.mov in Resources */ = {isa = PBXBuildFile; fileRef = 91AAEDE4214F268700BBFD5C /* IMG_0021.mov */; };
		91AAEDEF214F268700BBFD5C /* IMG_1704.mov in Resources */ = {isa = PBXBuildFile; fileRef = 91AAEDE5214F268700BBFD5C /* IMG_1704.mov */; };
		91AAEDF0214F268700BBFD5C /* IMG_1539.mov in Resources */ = {isa = PBXBuildFile; fileRef = 91AAEDE6214F268700BBFD5C /* IMG_1539.mov */; };
		91AAEDF1214F268700BBFD5C /* IMG_1705.mov in Resources */ = {isa = PBXBuildFile; fileRef = 91AAEDE7214F268700BBFD5C /* IMG_1705.mov */; };
		91AAEDF6214F269500BBFD5C /* nat.pat33.jpg in Resources */ = {isa = PBXBuildFile; fileRef = 91AAEDF2214F269500BBFD5C /* nat.pat33.jpg */; };
		91AAEDF7214F269500BBFD5C /* mattlee077.jpg in Resources */ = {isa = PBXBuildFile; fileRef = 91AAEDF3214F269500BBFD5C /* mattlee077.jpg */; };
		91AAEDF8214F269500BBFD5C /* jeromeythehomie.jpg in Resources */ = {isa = PBXBuildFile; fileRef = 91AAEDF4214F269500BBFD5C /* jeromeythehomie.jpg */; };
		91AAEDF9214F269500BBFD5C /* asethics.jpg in Resources */ = {isa = PBXBuildFile; fileRef = 91AAEDF5214F269500BBFD5C /* asethics.jpg */; };
		91AF9AA72117B62000A34A65 /* Story.swift in Sources */ = {isa = PBXBuildFile; fileRef = 91AF9AA62117B62000A34A65 /* Story.swift */; };
		91AF9AA92117B68300A34A65 /* User.swift in Sources */ = {isa = PBXBuildFile; fileRef = 91AF9AA82117B68300A34A65 /* User.swift */; };
		91AF9AAB2117B74100A34A65 /* StoryItem.swift in Sources */ = {isa = PBXBuildFile; fileRef = 91AF9AAA2117B74100A34A65 /* StoryItem.swift */; };
		91AF9AAD21181CF000A34A65 /* StorySectionController.swift in Sources */ = {isa = PBXBuildFile; fileRef = 91AF9AAC21181CF000A34A65 /* StorySectionController.swift */; };
		91AF9AB121181E8000A34A65 /* StoryCell.swift in Sources */ = {isa = PBXBuildFile; fileRef = 91AF9AB021181E8000A34A65 /* StoryCell.swift */; };
		91AF9ABA21184D7400A34A65 /* EmbeddedStoryCollectionViewCell.swift in Sources */ = {isa = PBXBuildFile; fileRef = 91AF9AB921184D7400A34A65 /* EmbeddedStoryCollectionViewCell.swift */; };
		91AF9ABC21184DDC00A34A65 /* StoryModel.swift in Sources */ = {isa = PBXBuildFile; fileRef = 91AF9ABB21184DDC00A34A65 /* StoryModel.swift */; };
		91AF9ABE21184FA800A34A65 /* EmbeddedStorySectionController.swift in Sources */ = {isa = PBXBuildFile; fileRef = 91AF9ABD21184FA800A34A65 /* EmbeddedStorySectionController.swift */; };
		91AF9AC62118C2B700A34A65 /* StoryPlayerViewController.swift in Sources */ = {isa = PBXBuildFile; fileRef = 91AF9AC52118C2B700A34A65 /* StoryPlayerViewController.swift */; };
		91AF9AC92118DE7600A34A65 /* PresentStoryboardAnimationController.swift in Sources */ = {isa = PBXBuildFile; fileRef = 91AF9AC82118DE7600A34A65 /* PresentStoryboardAnimationController.swift */; };
		F161092D3507DF5C201778D3 /* Pods_InstagramStoriesClone.framework in Frameworks */ = {isa = PBXBuildFile; fileRef = 5E909DF39E0979787E7D78C1 /* Pods_InstagramStoriesClone.framework */; };
/* End PBXBuildFile section */

/* Begin PBXFileReference section */
		5E909DF39E0979787E7D78C1 /* Pods_InstagramStoriesClone.framework */ = {isa = PBXFileReference; explicitFileType = wrapper.framework; includeInIndex = 0; path = Pods_InstagramStoriesClone.framework; sourceTree = BUILT_PRODUCTS_DIR; };
		704BFF973C49E27609F0D527 /* Pods-InstagramStoriesClone.debug.xcconfig */ = {isa = PBXFileReference; includeInIndex = 1; lastKnownFileType = text.xcconfig; name = "Pods-InstagramStoriesClone.debug.xcconfig"; path = "Pods/Target Support Files/Pods-InstagramStoriesClone/Pods-InstagramStoriesClone.debug.xcconfig"; sourceTree = "<group>"; };
		8E58C7C4D77F8FE2A33E935E /* Pods-InstagramStoriesClone.release.xcconfig */ = {isa = PBXFileReference; includeInIndex = 1; lastKnownFileType = text.xcconfig; name = "Pods-InstagramStoriesClone.release.xcconfig"; path = "Pods/Target Support Files/Pods-InstagramStoriesClone/Pods-InstagramStoriesClone.release.xcconfig"; sourceTree = "<group>"; };
		91065FB5214F3A3500BDF1F0 /* igstories1.1.gif */ = {isa = PBXFileReference; lastKnownFileType = image.gif; name = igstories1.1.gif; path = ../../../../../Desktop/igstories1.1.gif; sourceTree = "<group>"; };
		914D296F214A3EA3006F3FEF /* InstagramStoriesProtocols.swift */ = {isa = PBXFileReference; lastKnownFileType = sourcecode.swift; path = InstagramStoriesProtocols.swift; sourceTree = "<group>"; };
		914DC06921260019005F76DD /* StoryPlayerProgressTrackerView.swift */ = {isa = PBXFileReference; lastKnownFileType = sourcecode.swift; path = StoryPlayerProgressTrackerView.swift; sourceTree = "<group>"; };
		915365082116E0BF00442A99 /* InstagramStoriesClone.app */ = {isa = PBXFileReference; explicitFileType = wrapper.application; includeInIndex = 0; path = InstagramStoriesClone.app; sourceTree = BUILT_PRODUCTS_DIR; };
		9153650B2116E0BF00442A99 /* AppDelegate.swift */ = {isa = PBXFileReference; lastKnownFileType = sourcecode.swift; path = AppDelegate.swift; sourceTree = "<group>"; };
		9153650D2116E0BF00442A99 /* ViewController.swift */ = {isa = PBXFileReference; lastKnownFileType = sourcecode.swift; path = ViewController.swift; sourceTree = "<group>"; };
		915365102116E0BF00442A99 /* Base */ = {isa = PBXFileReference; lastKnownFileType = file.storyboard; name = Base; path = Base.lproj/Main.storyboard; sourceTree = "<group>"; };
		915365122116E0BF00442A99 /* Assets.xcassets */ = {isa = PBXFileReference; lastKnownFileType = folder.assetcatalog; path = Assets.xcassets; sourceTree = "<group>"; };
		915365152116E0BF00442A99 /* Base */ = {isa = PBXFileReference; lastKnownFileType = file.storyboard; name = Base; path = Base.lproj/LaunchScreen.storyboard; sourceTree = "<group>"; };
		915365172116E0C000442A99 /* Info.plist */ = {isa = PBXFileReference; lastKnownFileType = text.plist.xml; path = Info.plist; sourceTree = "<group>"; };
		916BE8C621225CDE00B26DBC /* StoryPlayerCell.swift */ = {isa = PBXFileReference; lastKnownFileType = sourcecode.swift; path = StoryPlayerCell.swift; sourceTree = "<group>"; };
		916BE8C8212398ED00B26DBC /* CubeCollectionView.swift */ = {isa = PBXFileReference; lastKnownFileType = sourcecode.swift; path = CubeCollectionView.swift; sourceTree = "<group>"; };
		91AAEDDE214F268700BBFD5C /* IMG_1706.mov */ = {isa = PBXFileReference; lastKnownFileType = video.quicktime; name = IMG_1706.mov; path = ../../../../../Desktop/IGStoriesCloneAssets/Videos/IMG_1706.mov; sourceTree = "<group>"; };
		91AAEDDF214F268700BBFD5C /* IMG_1691.mov */ = {isa = PBXFileReference; lastKnownFileType = video.quicktime; name = IMG_1691.mov; path = ../../../../../Desktop/IGStoriesCloneAssets/Videos/IMG_1691.mov; sourceTree = "<group>"; };
		91AAEDE0214F268700BBFD5C /* IMG_1707.mov */ = {isa = PBXFileReference; lastKnownFileType = video.quicktime; name = IMG_1707.mov; path = ../../../../../Desktop/IGStoriesCloneAssets/Videos/IMG_1707.mov; sourceTree = "<group>"; };
		91AAEDE1214F268700BBFD5C /* IMG_0460.mov */ = {isa = PBXFileReference; lastKnownFileType = video.quicktime; name = IMG_0460.mov; path = ../../../../../Desktop/IGStoriesCloneAssets/Videos/IMG_0460.mov; sourceTree = "<group>"; };
		91AAEDE2214F268700BBFD5C /* IMG_1569.mov */ = {isa = PBXFileReference; lastKnownFileType = video.quicktime; name = IMG_1569.mov; path = ../../../../../Desktop/IGStoriesCloneAssets/Videos/IMG_1569.mov; sourceTree = "<group>"; };
		91AAEDE3214F268700BBFD5C /* IMG_1636.mov */ = {isa = PBXFileReference; lastKnownFileType = video.quicktime; name = IMG_1636.mov; path = ../../../../../Desktop/IGStoriesCloneAssets/Videos/IMG_1636.mov; sourceTree = "<group>"; };
		91AAEDE4214F268700BBFD5C /* IMG_0021.mov */ = {isa = PBXFileReference; lastKnownFileType = video.quicktime; name = IMG_0021.mov; path = ../../../../../Desktop/IGStoriesCloneAssets/Videos/IMG_0021.mov; sourceTree = "<group>"; };
		91AAEDE5214F268700BBFD5C /* IMG_1704.mov */ = {isa = PBXFileReference; lastKnownFileType = video.quicktime; name = IMG_1704.mov; path = ../../../../../Desktop/IGStoriesCloneAssets/Videos/IMG_1704.mov; sourceTree = "<group>"; };
		91AAEDE6214F268700BBFD5C /* IMG_1539.mov */ = {isa = PBXFileReference; lastKnownFileType = video.quicktime; name = IMG_1539.mov; path = ../../../../../Desktop/IGStoriesCloneAssets/Videos/IMG_1539.mov; sourceTree = "<group>"; };
		91AAEDE7214F268700BBFD5C /* IMG_1705.mov */ = {isa = PBXFileReference; lastKnownFileType = video.quicktime; name = IMG_1705.mov; path = ../../../../../Desktop/IGStoriesCloneAssets/Videos/IMG_1705.mov; sourceTree = "<group>"; };
		91AAEDF2214F269500BBFD5C /* nat.pat33.jpg */ = {isa = PBXFileReference; lastKnownFileType = image.jpeg; name = nat.pat33.jpg; path = "../../../../../Desktop/IGStoriesCloneAssets/Profile Pictures/nat.pat33.jpg"; sourceTree = "<group>"; };
		91AAEDF3214F269500BBFD5C /* mattlee077.jpg */ = {isa = PBXFileReference; lastKnownFileType = image.jpeg; name = mattlee077.jpg; path = "../../../../../Desktop/IGStoriesCloneAssets/Profile Pictures/mattlee077.jpg"; sourceTree = "<group>"; };
		91AAEDF4214F269500BBFD5C /* jeromeythehomie.jpg */ = {isa = PBXFileReference; lastKnownFileType = image.jpeg; name = jeromeythehomie.jpg; path = "../../../../../Desktop/IGStoriesCloneAssets/Profile Pictures/jeromeythehomie.jpg"; sourceTree = "<group>"; };
		91AAEDF5214F269500BBFD5C /* asethics.jpg */ = {isa = PBXFileReference; lastKnownFileType = image.jpeg; name = asethics.jpg; path = "../../../../../Desktop/IGStoriesCloneAssets/Profile Pictures/asethics.jpg"; sourceTree = "<group>"; };
		91AF9AA62117B62000A34A65 /* Story.swift */ = {isa = PBXFileReference; lastKnownFileType = sourcecode.swift; path = Story.swift; sourceTree = "<group>"; };
		91AF9AA82117B68300A34A65 /* User.swift */ = {isa = PBXFileReference; lastKnownFileType = sourcecode.swift; path = User.swift; sourceTree = "<group>"; };
		91AF9AAA2117B74100A34A65 /* StoryItem.swift */ = {isa = PBXFileReference; lastKnownFileType = sourcecode.swift; path = StoryItem.swift; sourceTree = "<group>"; };
		91AF9AAC21181CF000A34A65 /* StorySectionController.swift */ = {isa = PBXFileReference; lastKnownFileType = sourcecode.swift; path = StorySectionController.swift; sourceTree = "<group>"; };
		91AF9AB021181E8000A34A65 /* StoryCell.swift */ = {isa = PBXFileReference; lastKnownFileType = sourcecode.swift; path = StoryCell.swift; sourceTree = "<group>"; };
		91AF9AB921184D7400A34A65 /* EmbeddedStoryCollectionViewCell.swift */ = {isa = PBXFileReference; lastKnownFileType = sourcecode.swift; path = EmbeddedStoryCollectionViewCell.swift; sourceTree = "<group>"; };
		91AF9ABB21184DDC00A34A65 /* StoryModel.swift */ = {isa = PBXFileReference; lastKnownFileType = sourcecode.swift; path = StoryModel.swift; sourceTree = "<group>"; };
		91AF9ABD21184FA800A34A65 /* EmbeddedStorySectionController.swift */ = {isa = PBXFileReference; lastKnownFileType = sourcecode.swift; path = EmbeddedStorySectionController.swift; sourceTree = "<group>"; };
		91AF9AC52118C2B700A34A65 /* StoryPlayerViewController.swift */ = {isa = PBXFileReference; lastKnownFileType = sourcecode.swift; path = StoryPlayerViewController.swift; sourceTree = "<group>"; };
		91AF9AC82118DE7600A34A65 /* PresentStoryboardAnimationController.swift */ = {isa = PBXFileReference; lastKnownFileType = sourcecode.swift; path = PresentStoryboardAnimationController.swift; sourceTree = "<group>"; };
/* End PBXFileReference section */

/* Begin PBXFrameworksBuildPhase section */
		915365052116E0BF00442A99 /* Frameworks */ = {
			isa = PBXFrameworksBuildPhase;
			buildActionMask = 2147483647;
			files = (
				F161092D3507DF5C201778D3 /* Pods_InstagramStoriesClone.framework in Frameworks */,
			);
			runOnlyForDeploymentPostprocessing = 0;
		};
/* End PBXFrameworksBuildPhase section */

/* Begin PBXGroup section */
		1FF1F13D5764459ADDADBC14 /* Frameworks */ = {
			isa = PBXGroup;
			children = (
				5E909DF39E0979787E7D78C1 /* Pods_InstagramStoriesClone.framework */,
			);
			name = Frameworks;
			sourceTree = "<group>";
		};
		91065FB4214F3A2200BDF1F0 /* Demo Videos */ = {
			isa = PBXGroup;
			children = (
				91065FB5214F3A3500BDF1F0 /* igstories1.1.gif */,
			);
			path = "Demo Videos";
			sourceTree = "<group>";
		};
		914D296E214A3E7B006F3FEF /* Protocols */ = {
			isa = PBXGroup;
			children = (
				914D296F214A3EA3006F3FEF /* InstagramStoriesProtocols.swift */,
			);
			path = Protocols;
			sourceTree = "<group>";
		};
		915364FF2116E0BF00442A99 = {
			isa = PBXGroup;
			children = (
				9153650A2116E0BF00442A99 /* InstagramStoriesClone */,
				915365092116E0BF00442A99 /* Products */,
				C517628B2E7CC4DFBFB6785E /* Pods */,
				1FF1F13D5764459ADDADBC14 /* Frameworks */,
			);
			sourceTree = "<group>";
		};
		915365092116E0BF00442A99 /* Products */ = {
			isa = PBXGroup;
			children = (
				915365082116E0BF00442A99 /* InstagramStoriesClone.app */,
			);
			name = Products;
			sourceTree = "<group>";
		};
		9153650A2116E0BF00442A99 /* InstagramStoriesClone */ = {
			isa = PBXGroup;
			children = (
				91065FB4214F3A2200BDF1F0 /* Demo Videos */,
				914D296E214A3E7B006F3FEF /* Protocols */,
				91AF9AC72118DE5900A34A65 /* Animations */,
				91AF9AB2211820A000A34A65 /* Assets */,
				91AF9AA52117B37F00A34A65 /* Section Controllers */,
				91AF9AA42117B37700A34A65 /* View Controllers */,
				91AF9AA32117B36800A34A65 /* Views */,
				91AF9AA22117B35800A34A65 /* Models */,
				9153650B2116E0BF00442A99 /* AppDelegate.swift */,
				9153650F2116E0BF00442A99 /* Main.storyboard */,
				915365122116E0BF00442A99 /* Assets.xcassets */,
				915365142116E0BF00442A99 /* LaunchScreen.storyboard */,
				915365172116E0C000442A99 /* Info.plist */,
			);
			path = InstagramStoriesClone;
			sourceTree = "<group>";
		};
		91AF9AA22117B35800A34A65 /* Models */ = {
			isa = PBXGroup;
			children = (
				91AF9AA62117B62000A34A65 /* Story.swift */,
				91AF9AA82117B68300A34A65 /* User.swift */,
				91AF9AAA2117B74100A34A65 /* StoryItem.swift */,
				91AF9ABB21184DDC00A34A65 /* StoryModel.swift */,
			);
			path = Models;
			sourceTree = "<group>";
		};
		91AF9AA32117B36800A34A65 /* Views */ = {
			isa = PBXGroup;
			children = (
				91AF9AB021181E8000A34A65 /* StoryCell.swift */,
				91AF9AB921184D7400A34A65 /* EmbeddedStoryCollectionViewCell.swift */,
				916BE8C621225CDE00B26DBC /* StoryPlayerCell.swift */,
				916BE8C8212398ED00B26DBC /* CubeCollectionView.swift */,
				914DC06921260019005F76DD /* StoryPlayerProgressTrackerView.swift */,
			);
			path = Views;
			sourceTree = "<group>";
		};
		91AF9AA42117B37700A34A65 /* View Controllers */ = {
			isa = PBXGroup;
			children = (
				9153650D2116E0BF00442A99 /* ViewController.swift */,
				91AF9AC52118C2B700A34A65 /* StoryPlayerViewController.swift */,
			);
			path = "View Controllers";
			sourceTree = "<group>";
		};
		91AF9AA52117B37F00A34A65 /* Section Controllers */ = {
			isa = PBXGroup;
			children = (
				91AF9AAC21181CF000A34A65 /* StorySectionController.swift */,
				91AF9ABD21184FA800A34A65 /* EmbeddedStorySectionController.swift */,
			);
			path = "Section Controllers";
			sourceTree = "<group>";
		};
		91AF9AB2211820A000A34A65 /* Assets */ = {
			isa = PBXGroup;
			children = (
				91AAEDF5214F269500BBFD5C /* asethics.jpg */,
				91AAEDF4214F269500BBFD5C /* jeromeythehomie.jpg */,
				91AAEDF3214F269500BBFD5C /* mattlee077.jpg */,
				91AAEDF2214F269500BBFD5C /* nat.pat33.jpg */,
				91AAEDE4214F268700BBFD5C /* IMG_0021.mov */,
				91AAEDE1214F268700BBFD5C /* IMG_0460.mov */,
				91AAEDE6214F268700BBFD5C /* IMG_1539.mov */,
				91AAEDE2214F268700BBFD5C /* IMG_1569.mov */,
				91AAEDE3214F268700BBFD5C /* IMG_1636.mov */,
				91AAEDDF214F268700BBFD5C /* IMG_1691.mov */,
				91AAEDE5214F268700BBFD5C /* IMG_1704.mov */,
				91AAEDE7214F268700BBFD5C /* IMG_1705.mov */,
				91AAEDDE214F268700BBFD5C /* IMG_1706.mov */,
				91AAEDE0214F268700BBFD5C /* IMG_1707.mov */,
			);
			path = Assets;
			sourceTree = "<group>";
		};
		91AF9AC72118DE5900A34A65 /* Animations */ = {
			isa = PBXGroup;
			children = (
				91AF9AC82118DE7600A34A65 /* PresentStoryboardAnimationController.swift */,
			);
			path = Animations;
			sourceTree = "<group>";
		};
		C517628B2E7CC4DFBFB6785E /* Pods */ = {
			isa = PBXGroup;
			children = (
				704BFF973C49E27609F0D527 /* Pods-InstagramStoriesClone.debug.xcconfig */,
				8E58C7C4D77F8FE2A33E935E /* Pods-InstagramStoriesClone.release.xcconfig */,
			);
			name = Pods;
			sourceTree = "<group>";
		};
/* End PBXGroup section */

/* Begin PBXNativeTarget section */
		915365072116E0BF00442A99 /* InstagramStoriesClone */ = {
			isa = PBXNativeTarget;
			buildConfigurationList = 9153651A2116E0C000442A99 /* Build configuration list for PBXNativeTarget "InstagramStoriesClone" */;
			buildPhases = (
				252EA6B400470BF65D23CEF9 /* [CP] Check Pods Manifest.lock */,
				915365042116E0BF00442A99 /* Sources */,
				915365052116E0BF00442A99 /* Frameworks */,
				915365062116E0BF00442A99 /* Resources */,
				A8E38F90A52CA4E1B2197404 /* [CP] Embed Pods Frameworks */,
			);
			buildRules = (
			);
			dependencies = (
			);
			name = InstagramStoriesClone;
			productName = InstagramStoriesClone;
			productReference = 915365082116E0BF00442A99 /* InstagramStoriesClone.app */;
			productType = "com.apple.product-type.application";
		};
/* End PBXNativeTarget section */

/* Begin PBXProject section */
		915365002116E0BF00442A99 /* Project object */ = {
			isa = PBXProject;
			attributes = {
				LastSwiftUpdateCheck = 0940;
				LastUpgradeCheck = 0940;
				ORGANIZATIONNAME = "Jerome Isaacs";
				TargetAttributes = {
					915365072116E0BF00442A99 = {
						CreatedOnToolsVersion = 9.4.1;
					};
				};
			};
			buildConfigurationList = 915365032116E0BF00442A99 /* Build configuration list for PBXProject "InstagramStoriesClone" */;
			compatibilityVersion = "Xcode 9.3";
			developmentRegion = en;
			hasScannedForEncodings = 0;
			knownRegions = (
				en,
				Base,
			);
			mainGroup = 915364FF2116E0BF00442A99;
			productRefGroup = 915365092116E0BF00442A99 /* Products */;
			projectDirPath = "";
			projectRoot = "";
			targets = (
				915365072116E0BF00442A99 /* InstagramStoriesClone */,
			);
		};
/* End PBXProject section */

/* Begin PBXResourcesBuildPhase section */
		915365062116E0BF00442A99 /* Resources */ = {
			isa = PBXResourcesBuildPhase;
			buildActionMask = 2147483647;
			files = (
				91AAEDF8214F269500BBFD5C /* jeromeythehomie.jpg in Resources */,
				91065FB6214F3A3500BDF1F0 /* igstories1.1.gif in Resources */,
				91AAEDF7214F269500BBFD5C /* mattlee077.jpg in Resources */,
				91AAEDEF214F268700BBFD5C /* IMG_1704.mov in Resources */,
				91AAEDF1214F268700BBFD5C /* IMG_1705.mov in Resources */,
				91AAEDEB214F268700BBFD5C /* IMG_0460.mov in Resources */,
				91AAEDEE214F268700BBFD5C /* IMG_0021.mov in Resources */,
				915365162116E0BF00442A99 /* LaunchScreen.storyboard in Resources */,
				91AAEDE9214F268700BBFD5C /* IMG_1691.mov in Resources */,
				91AAEDED214F268700BBFD5C /* IMG_1636.mov in Resources */,
				91AAEDF0214F268700BBFD5C /* IMG_1539.mov in Resources */,
				91AAEDF6214F269500BBFD5C /* nat.pat33.jpg in Resources */,
				915365132116E0BF00442A99 /* Assets.xcassets in Resources */,
				91AAEDF9214F269500BBFD5C /* asethics.jpg in Resources */,
				91AAEDEA214F268700BBFD5C /* IMG_1707.mov in Resources */,
				91AAEDEC214F268700BBFD5C /* IMG_1569.mov in Resources */,
				91AAEDE8214F268700BBFD5C /* IMG_1706.mov in Resources */,
				915365112116E0BF00442A99 /* Main.storyboard in Resources */,
			);
			runOnlyForDeploymentPostprocessing = 0;
		};
/* End PBXResourcesBuildPhase section */

/* Begin PBXShellScriptBuildPhase section */
		252EA6B400470BF65D23CEF9 /* [CP] Check Pods Manifest.lock */ = {
			isa = PBXShellScriptBuildPhase;
			buildActionMask = 2147483647;
			files = (
			);
			inputPaths = (
				"${PODS_PODFILE_DIR_PATH}/Podfile.lock",
				"${PODS_ROOT}/Manifest.lock",
			);
			name = "[CP] Check Pods Manifest.lock";
			outputPaths = (
				"$(DERIVED_FILE_DIR)/Pods-InstagramStoriesClone-checkManifestLockResult.txt",
			);
			runOnlyForDeploymentPostprocessing = 0;
			shellPath = /bin/sh;
			shellScript = "diff \"${PODS_PODFILE_DIR_PATH}/Podfile.lock\" \"${PODS_ROOT}/Manifest.lock\" > /dev/null\nif [ $? != 0 ] ; then\n    # print error to STDERR\n    echo \"error: The sandbox is not in sync with the Podfile.lock. Run 'pod install' or update your CocoaPods installation.\" >&2\n    exit 1\nfi\n# This output is used by Xcode 'outputs' to avoid re-running this script phase.\necho \"SUCCESS\" > \"${SCRIPT_OUTPUT_FILE_0}\"\n";
			showEnvVarsInLog = 0;
		};
		A8E38F90A52CA4E1B2197404 /* [CP] Embed Pods Frameworks */ = {
			isa = PBXShellScriptBuildPhase;
			buildActionMask = 2147483647;
			files = (
			);
			inputPaths = (
				"${SRCROOT}/Pods/Target Support Files/Pods-InstagramStoriesClone/Pods-InstagramStoriesClone-frameworks.sh",
				"${BUILT_PRODUCTS_DIR}/IGListKit/IGListKit.framework",
			);
			name = "[CP] Embed Pods Frameworks";
			outputPaths = (
				"${TARGET_BUILD_DIR}/${FRAMEWORKS_FOLDER_PATH}/IGListKit.framework",
			);
			runOnlyForDeploymentPostprocessing = 0;
			shellPath = /bin/sh;
			shellScript = "\"${SRCROOT}/Pods/Target Support Files/Pods-InstagramStoriesClone/Pods-InstagramStoriesClone-frameworks.sh\"\n";
			showEnvVarsInLog = 0;
		};
/* End PBXShellScriptBuildPhase section */

/* Begin PBXSourcesBuildPhase section */
		915365042116E0BF00442A99 /* Sources */ = {
			isa = PBXSourcesBuildPhase;
			buildActionMask = 2147483647;
			files = (
				91AF9AA92117B68300A34A65 /* User.swift in Sources */,
				9153650E2116E0BF00442A99 /* ViewController.swift in Sources */,
				916BE8C9212398ED00B26DBC /* CubeCollectionView.swift in Sources */,
				91AF9ABC21184DDC00A34A65 /* StoryModel.swift in Sources */,
				91AF9AC92118DE7600A34A65 /* PresentStoryboardAnimationController.swift in Sources */,
				91AF9AC62118C2B700A34A65 /* StoryPlayerViewController.swift in Sources */,
				91AF9ABA21184D7400A34A65 /* EmbeddedStoryCollectionViewCell.swift in Sources */,
				9153650C2116E0BF00442A99 /* AppDelegate.swift in Sources */,
				91AF9ABE21184FA800A34A65 /* EmbeddedStorySectionController.swift in Sources */,
				914DC06A21260019005F76DD /* StoryPlayerProgressTrackerView.swift in Sources */,
				91AF9AB121181E8000A34A65 /* StoryCell.swift in Sources */,
				91AF9AAD21181CF000A34A65 /* StorySectionController.swift in Sources */,
				91AF9AA72117B62000A34A65 /* Story.swift in Sources */,
				916BE8C721225CDE00B26DBC /* StoryPlayerCell.swift in Sources */,
				914D2970214A3EA3006F3FEF /* InstagramStoriesProtocols.swift in Sources */,
				91AF9AAB2117B74100A34A65 /* StoryItem.swift in Sources */,
			);
			runOnlyForDeploymentPostprocessing = 0;
		};
/* End PBXSourcesBuildPhase section */

/* Begin PBXVariantGroup section */
		9153650F2116E0BF00442A99 /* Main.storyboard */ = {
			isa = PBXVariantGroup;
			children = (
				915365102116E0BF00442A99 /* Base */,
			);
			name = Main.storyboard;
			sourceTree = "<group>";
		};
		915365142116E0BF00442A99 /* LaunchScreen.storyboard */ = {
			isa = PBXVariantGroup;
			children = (
				915365152116E0BF00442A99 /* Base */,
			);
			name = LaunchScreen.storyboard;
			sourceTree = "<group>";
		};
/* End PBXVariantGroup section */

/* Begin XCBuildConfiguration section */
		915365182116E0C000442A99 /* Debug */ = {
			isa = XCBuildConfiguration;
			buildSettings = {
				ALWAYS_SEARCH_USER_PATHS = NO;
				CLANG_ANALYZER_NONNULL = YES;
				CLANG_ANALYZER_NUMBER_OBJECT_CONVERSION = YES_AGGRESSIVE;
				CLANG_CXX_LANGUAGE_STANDARD = "gnu++14";
				CLANG_CXX_LIBRARY = "libc++";
				CLANG_ENABLE_MODULES = YES;
				CLANG_ENABLE_OBJC_ARC = YES;
				CLANG_ENABLE_OBJC_WEAK = YES;
				CLANG_WARN_BLOCK_CAPTURE_AUTORELEASING = YES;
				CLANG_WARN_BOOL_CONVERSION = YES;
				CLANG_WARN_COMMA = YES;
				CLANG_WARN_CONSTANT_CONVERSION = YES;
				CLANG_WARN_DEPRECATED_OBJC_IMPLEMENTATIONS = YES;
				CLANG_WARN_DIRECT_OBJC_ISA_USAGE = YES_ERROR;
				CLANG_WARN_DOCUMENTATION_COMMENTS = YES;
				CLANG_WARN_EMPTY_BODY = YES;
				CLANG_WARN_ENUM_CONVERSION = YES;
				CLANG_WARN_INFINITE_RECURSION = YES;
				CLANG_WARN_INT_CONVERSION = YES;
				CLANG_WARN_NON_LITERAL_NULL_CONVERSION = YES;
				CLANG_WARN_OBJC_IMPLICIT_RETAIN_SELF = YES;
				CLANG_WARN_OBJC_LITERAL_CONVERSION = YES;
				CLANG_WARN_OBJC_ROOT_CLASS = YES_ERROR;
				CLANG_WARN_RANGE_LOOP_ANALYSIS = YES;
				CLANG_WARN_STRICT_PROTOTYPES = YES;
				CLANG_WARN_SUSPICIOUS_MOVE = YES;
				CLANG_WARN_UNGUARDED_AVAILABILITY = YES_AGGRESSIVE;
				CLANG_WARN_UNREACHABLE_CODE = YES;
				CLANG_WARN__DUPLICATE_METHOD_MATCH = YES;
				CODE_SIGN_IDENTITY = "iPhone Developer";
				COPY_PHASE_STRIP = NO;
				DEBUG_INFORMATION_FORMAT = dwarf;
				ENABLE_STRICT_OBJC_MSGSEND = YES;
				ENABLE_TESTABILITY = YES;
				GCC_C_LANGUAGE_STANDARD = gnu11;
				GCC_DYNAMIC_NO_PIC = NO;
				GCC_NO_COMMON_BLOCKS = YES;
				GCC_OPTIMIZATION_LEVEL = 0;
				GCC_PREPROCESSOR_DEFINITIONS = (
					"DEBUG=1",
					"$(inherited)",
				);
				GCC_WARN_64_TO_32_BIT_CONVERSION = YES;
				GCC_WARN_ABOUT_RETURN_TYPE = YES_ERROR;
				GCC_WARN_UNDECLARED_SELECTOR = YES;
				GCC_WARN_UNINITIALIZED_AUTOS = YES_AGGRESSIVE;
				GCC_WARN_UNUSED_FUNCTION = YES;
				GCC_WARN_UNUSED_VARIABLE = YES;
				IPHONEOS_DEPLOYMENT_TARGET = 11.4;
				MTL_ENABLE_DEBUG_INFO = YES;
				ONLY_ACTIVE_ARCH = YES;
				SDKROOT = iphoneos;
				SWIFT_ACTIVE_COMPILATION_CONDITIONS = DEBUG;
				SWIFT_OPTIMIZATION_LEVEL = "-Onone";
			};
			name = Debug;
		};
		915365192116E0C000442A99 /* Release */ = {
			isa = XCBuildConfiguration;
			buildSettings = {
				ALWAYS_SEARCH_USER_PATHS = NO;
				CLANG_ANALYZER_NONNULL = YES;
				CLANG_ANALYZER_NUMBER_OBJECT_CONVERSION = YES_AGGRESSIVE;
				CLANG_CXX_LANGUAGE_STANDARD = "gnu++14";
				CLANG_CXX_LIBRARY = "libc++";
				CLANG_ENABLE_MODULES = YES;
				CLANG_ENABLE_OBJC_ARC = YES;
				CLANG_ENABLE_OBJC_WEAK = YES;
				CLANG_WARN_BLOCK_CAPTURE_AUTORELEASING = YES;
				CLANG_WARN_BOOL_CONVERSION = YES;
				CLANG_WARN_COMMA = YES;
				CLANG_WARN_CONSTANT_CONVERSION = YES;
				CLANG_WARN_DEPRECATED_OBJC_IMPLEMENTATIONS = YES;
				CLANG_WARN_DIRECT_OBJC_ISA_USAGE = YES_ERROR;
				CLANG_WARN_DOCUMENTATION_COMMENTS = YES;
				CLANG_WARN_EMPTY_BODY = YES;
				CLANG_WARN_ENUM_CONVERSION = YES;
				CLANG_WARN_INFINITE_RECURSION = YES;
				CLANG_WARN_INT_CONVERSION = YES;
				CLANG_WARN_NON_LITERAL_NULL_CONVERSION = YES;
				CLANG_WARN_OBJC_IMPLICIT_RETAIN_SELF = YES;
				CLANG_WARN_OBJC_LITERAL_CONVERSION = YES;
				CLANG_WARN_OBJC_ROOT_CLASS = YES_ERROR;
				CLANG_WARN_RANGE_LOOP_ANALYSIS = YES;
				CLANG_WARN_STRICT_PROTOTYPES = YES;
				CLANG_WARN_SUSPICIOUS_MOVE = YES;
				CLANG_WARN_UNGUARDED_AVAILABILITY = YES_AGGRESSIVE;
				CLANG_WARN_UNREACHABLE_CODE = YES;
				CLANG_WARN__DUPLICATE_METHOD_MATCH = YES;
				CODE_SIGN_IDENTITY = "iPhone Developer";
				COPY_PHASE_STRIP = NO;
				DEBUG_INFORMATION_FORMAT = "dwarf-with-dsym";
				ENABLE_NS_ASSERTIONS = NO;
				ENABLE_STRICT_OBJC_MSGSEND = YES;
				GCC_C_LANGUAGE_STANDARD = gnu11;
				GCC_NO_COMMON_BLOCKS = YES;
				GCC_WARN_64_TO_32_BIT_CONVERSION = YES;
				GCC_WARN_ABOUT_RETURN_TYPE = YES_ERROR;
				GCC_WARN_UNDECLARED_SELECTOR = YES;
				GCC_WARN_UNINITIALIZED_AUTOS = YES_AGGRESSIVE;
				GCC_WARN_UNUSED_FUNCTION = YES;
				GCC_WARN_UNUSED_VARIABLE = YES;
				IPHONEOS_DEPLOYMENT_TARGET = 11.4;
				MTL_ENABLE_DEBUG_INFO = NO;
				SDKROOT = iphoneos;
				SWIFT_COMPILATION_MODE = wholemodule;
				SWIFT_OPTIMIZATION_LEVEL = "-O";
				VALIDATE_PRODUCT = YES;
			};
			name = Release;
		};
		9153651B2116E0C000442A99 /* Debug */ = {
			isa = XCBuildConfiguration;
			baseConfigurationReference = 704BFF973C49E27609F0D527 /* Pods-InstagramStoriesClone.debug.xcconfig */;
			buildSettings = {
				ASSETCATALOG_COMPILER_APPICON_NAME = AppIcon;
				CODE_SIGN_STYLE = Automatic;
				DEVELOPMENT_TEAM = 69QS2C75F9;
				INFOPLIST_FILE = InstagramStoriesClone/Info.plist;
				LD_RUNPATH_SEARCH_PATHS = (
					"$(inherited)",
					"@executable_path/Frameworks",
				);
				PRODUCT_BUNDLE_IDENTIFIER = JDev.InstagramStoriesClone;
				PRODUCT_NAME = "$(TARGET_NAME)";
				SWIFT_VERSION = 4.0;
				TARGETED_DEVICE_FAMILY = "1,2";
			};
			name = Debug;
		};
		9153651C2116E0C000442A99 /* Release */ = {
			isa = XCBuildConfiguration;
			baseConfigurationReference = 8E58C7C4D77F8FE2A33E935E /* Pods-InstagramStoriesClone.release.xcconfig */;
			buildSettings = {
				ASSETCATALOG_COMPILER_APPICON_NAME = AppIcon;
				CODE_SIGN_STYLE = Automatic;
				DEVELOPMENT_TEAM = 69QS2C75F9;
				INFOPLIST_FILE = InstagramStoriesClone/Info.plist;
				LD_RUNPATH_SEARCH_PATHS = (
					"$(inherited)",
					"@executable_path/Frameworks",
				);
				PRODUCT_BUNDLE_IDENTIFIER = JDev.InstagramStoriesClone;
				PRODUCT_NAME = "$(TARGET_NAME)";
				SWIFT_VERSION = 4.0;
				TARGETED_DEVICE_FAMILY = "1,2";
			};
			name = Release;
		};
/* End XCBuildConfiguration section */

/* Begin XCConfigurationList section */
		915365032116E0BF00442A99 /* Build configuration list for PBXProject "InstagramStoriesClone" */ = {
			isa = XCConfigurationList;
			buildConfigurations = (
				915365182116E0C000442A99 /* Debug */,
				915365192116E0C000442A99 /* Release */,
			);
			defaultConfigurationIsVisible = 0;
			defaultConfigurationName = Release;
		};
		9153651A2116E0C000442A99 /* Build configuration list for PBXNativeTarget "InstagramStoriesClone" */ = {
			isa = XCConfigurationList;
			buildConfigurations = (
				9153651B2116E0C000442A99 /* Debug */,
				9153651C2116E0C000442A99 /* Release */,
			);
			defaultConfigurationIsVisible = 0;
			defaultConfigurationName = Release;
		};
/* End XCConfigurationList section */
	};
	rootObject = 915365002116E0BF00442A99 /* Project object */;
}
